
Microsoft Visual Studio Solution File, Format Version 12.00
# Visual Studio Version 17
VisualStudioVersion = 17.11.35222.181
MinimumVisualStudioVersion = 10.0.40219.1
Project("{FAE04EC0-301F-11D3-BF4B-00C04F79EFBC}") = "zadanie2", "zadanie2\zadanie2.csproj", "{005255AB-CEA8-4AEA-B21D-68A38D969250}"
EndProject
Global
	GlobalSection(SolutionConfigurationPlatforms) = preSolution
		Debug|Any CPU = Debug|Any CPU
		Release|Any CPU = Release|Any CPU
	EndGlobalSection
	GlobalSection(ProjectConfigurationPlatforms) = postSolution
		{005255AB-CEA8-4AEA-B21D-68A38D969250}.Debug|Any CPU.ActiveCfg = Debug|Any CPU
		{005255AB-CEA8-4AEA-B21D-68A38D969250}.Debug|Any CPU.Build.0 = Debug|Any CPU
		{005255AB-CEA8-4AEA-B21D-68A38D969250}.Release|Any CPU.ActiveCfg = Release|Any CPU
		{005255AB-CEA8-4AEA-B21D-68A38D969250}.Release|Any CPU.Build.0 = Release|Any CPU
	EndGlobalSection
	GlobalSection(SolutionProperties) = preSolution
		HideSolutionNode = FALSE
	EndGlobalSection
	GlobalSection(ExtensibilityGlobals) = postSolution
		SolutionGuid = {F35E4120-C9F1-4F34-AC10-0D48BE219125}
	EndGlobalSection
EndGlobal
